
Microsoft Visual Studio Solution File, Format Version 12.00
# Visual Studio Express 14 for Web
VisualStudioVersion = 14.0.23107.0
MinimumVisualStudioVersion = 10.0.40219.1
Project("{FAE04EC0-301F-11D3-BF4B-00C04F79EFBC}") = "ChatGPTBot", "ChatGPTBot\ChatGPTBot.csproj", "{A370D0B6-CAC1-4808-9D99-3A20B2B0952D}"
EndProject
Global
	GlobalSection(SolutionConfigurationPlatforms) = preSolution
		Debug|Any CPU = Debug|Any CPU
		Release|Any CPU = Release|Any CPU
	EndGlobalSection
	GlobalSection(ProjectConfigurationPlatforms) = postSolution
		{A370D0B6-CAC1-4808-9D99-3A20B2B0952D}.Debug|Any CPU.ActiveCfg = Debug|Any CPU
		{A370D0B6-CAC1-4808-9D99-3A20B2B0952D}.Debug|Any CPU.Build.0 = Debug|Any CPU
		{A370D0B6-CAC1-4808-9D99-3A20B2B0952D}.Release|Any CPU.ActiveCfg = Release|Any CPU
		{A370D0B6-CAC1-4808-9D99-3A20B2B0952D}.Release|Any CPU.Build.0 = Release|Any CPU
	EndGlobalSection
	GlobalSection(SolutionProperties) = preSolution
		HideSolutionNode = FALSE
	EndGlobalSection
EndGlobal
